
Microsoft Visual Studio Solution File, Format Version 12.00
# Visual Studio 2012
Project("{FAE04EC0-301F-11D3-BF4B-00C04F79EFBC}") = "Application.Mock.UI", "Application.Mock.UI\Application.Mock.UI.csproj", "{4181FA4D-AFA8-4C1E-B032-9168FDE1E12B}"
EndProject
Project("{FAE04EC0-301F-11D3-BF4B-00C04F79EFBC}") = "Application.Mock.BL", "Application.Mock.BL\Application.Mock.BL.csproj", "{EE167DDA-77FC-4B0B-BA56-9FF3050D2178}"
EndProject
Project("{FAE04EC0-301F-11D3-BF4B-00C04F79EFBC}") = "Application.Mock.DAL", "Application.Mock.DAL\Application.Mock.DAL.csproj", "{D4DD992F-9836-466E-905E-2FD4B170B0AB}"
EndProject
Project("{2150E333-8FDC-42A3-9474-1A3956D46DE8}") = "App", "App", "{5C8E5E52-4577-446A-B877-58C6C2EDA308}"
EndProject
Project("{2150E333-8FDC-42A3-9474-1A3956D46DE8}") = "Tests", "Tests", "{BFA0779F-6F5A-46A6-B8D4-D24476E79BBF}"
EndProject
Project("{FAE04EC0-301F-11D3-BF4B-00C04F79EFBC}") = "Application.Mock.BL.MoqTests", "Application.Mock.BL.MoqTests\Application.Mock.BL.MoqTests.csproj", "{CBBABF06-7452-4D8E-87DC-E16BA1D0E460}"
EndProject
Project("{FAE04EC0-301F-11D3-BF4B-00C04F79EFBC}") = "Application.Mock.RhinoMocksTests", "Application.Mock.RhinoMocksTests\Application.Mock.RhinoMocksTests.csproj", "{288A0AD3-65FF-4E19-9FBA-453796B6ECE2}"
EndProject
Project("{FAE04EC0-301F-11D3-BF4B-00C04F79EFBC}") = "Application.Mock.IoC", "Application.Mock.IoC\Application.Mock.IoC.csproj", "{0CC91911-E4C3-41E9-B254-F0E8AD878D3B}"
EndProject
Project("{FAE04EC0-301F-11D3-BF4B-00C04F79EFBC}") = "Application.Mock.Tests", "Application.Mock.Tests\Application.Mock.Tests.csproj", "{C1A1FD40-2082-48FA-8EED-A0D374C4F8C2}"
EndProject
Global
	GlobalSection(SolutionConfigurationPlatforms) = preSolution
		Debug|Any CPU = Debug|Any CPU
		Release|Any CPU = Release|Any CPU
	EndGlobalSection
	GlobalSection(ProjectConfigurationPlatforms) = postSolution
		{4181FA4D-AFA8-4C1E-B032-9168FDE1E12B}.Debug|Any CPU.ActiveCfg = Debug|Any CPU
		{4181FA4D-AFA8-4C1E-B032-9168FDE1E12B}.Debug|Any CPU.Build.0 = Debug|Any CPU
		{4181FA4D-AFA8-4C1E-B032-9168FDE1E12B}.Release|Any CPU.ActiveCfg = Release|Any CPU
		{4181FA4D-AFA8-4C1E-B032-9168FDE1E12B}.Release|Any CPU.Build.0 = Release|Any CPU
		{EE167DDA-77FC-4B0B-BA56-9FF3050D2178}.Debug|Any CPU.ActiveCfg = Debug|Any CPU
		{EE167DDA-77FC-4B0B-BA56-9FF3050D2178}.Debug|Any CPU.Build.0 = Debug|Any CPU
		{EE167DDA-77FC-4B0B-BA56-9FF3050D2178}.Release|Any CPU.ActiveCfg = Release|Any CPU
		{EE167DDA-77FC-4B0B-BA56-9FF3050D2178}.Release|Any CPU.Build.0 = Release|Any CPU
		{D4DD992F-9836-466E-905E-2FD4B170B0AB}.Debug|Any CPU.ActiveCfg = Debug|Any CPU
		{D4DD992F-9836-466E-905E-2FD4B170B0AB}.Debug|Any CPU.Build.0 = Debug|Any CPU
		{D4DD992F-9836-466E-905E-2FD4B170B0AB}.Release|Any CPU.ActiveCfg = Release|Any CPU
		{D4DD992F-9836-466E-905E-2FD4B170B0AB}.Release|Any CPU.Build.0 = Release|Any CPU
		{CBBABF06-7452-4D8E-87DC-E16BA1D0E460}.Debug|Any CPU.ActiveCfg = Debug|Any CPU
		{CBBABF06-7452-4D8E-87DC-E16BA1D0E460}.Debug|Any CPU.Build.0 = Debug|Any CPU
		{CBBABF06-7452-4D8E-87DC-E16BA1D0E460}.Release|Any CPU.ActiveCfg = Release|Any CPU
		{CBBABF06-7452-4D8E-87DC-E16BA1D0E460}.Release|Any CPU.Build.0 = Release|Any CPU
		{288A0AD3-65FF-4E19-9FBA-453796B6ECE2}.Debug|Any CPU.ActiveCfg = Debug|Any CPU
		{288A0AD3-65FF-4E19-9FBA-453796B6ECE2}.Debug|Any CPU.Build.0 = Debug|Any CPU
		{288A0AD3-65FF-4E19-9FBA-453796B6ECE2}.Release|Any CPU.ActiveCfg = Release|Any CPU
		{288A0AD3-65FF-4E19-9FBA-453796B6ECE2}.Release|Any CPU.Build.0 = Release|Any CPU
		{0CC91911-E4C3-41E9-B254-F0E8AD878D3B}.Debug|Any CPU.ActiveCfg = Debug|Any CPU
		{0CC91911-E4C3-41E9-B254-F0E8AD878D3B}.Debug|Any CPU.Build.0 = Debug|Any CPU
		{0CC91911-E4C3-41E9-B254-F0E8AD878D3B}.Release|Any CPU.ActiveCfg = Release|Any CPU
		{0CC91911-E4C3-41E9-B254-F0E8AD878D3B}.Release|Any CPU.Build.0 = Release|Any CPU
		{C1A1FD40-2082-48FA-8EED-A0D374C4F8C2}.Debug|Any CPU.ActiveCfg = Debug|Any CPU
		{C1A1FD40-2082-48FA-8EED-A0D374C4F8C2}.Debug|Any CPU.Build.0 = Debug|Any CPU
		{C1A1FD40-2082-48FA-8EED-A0D374C4F8C2}.Release|Any CPU.ActiveCfg = Release|Any CPU
		{C1A1FD40-2082-48FA-8EED-A0D374C4F8C2}.Release|Any CPU.Build.0 = Release|Any CPU
	EndGlobalSection
	GlobalSection(SolutionProperties) = preSolution
		HideSolutionNode = FALSE
	EndGlobalSection
	GlobalSection(NestedProjects) = preSolution
		{EE167DDA-77FC-4B0B-BA56-9FF3050D2178} = {5C8E5E52-4577-446A-B877-58C6C2EDA308}
		{D4DD992F-9836-466E-905E-2FD4B170B0AB} = {5C8E5E52-4577-446A-B877-58C6C2EDA308}
		{4181FA4D-AFA8-4C1E-B032-9168FDE1E12B} = {5C8E5E52-4577-446A-B877-58C6C2EDA308}
		{0CC91911-E4C3-41E9-B254-F0E8AD878D3B} = {5C8E5E52-4577-446A-B877-58C6C2EDA308}
		{CBBABF06-7452-4D8E-87DC-E16BA1D0E460} = {BFA0779F-6F5A-46A6-B8D4-D24476E79BBF}
		{288A0AD3-65FF-4E19-9FBA-453796B6ECE2} = {BFA0779F-6F5A-46A6-B8D4-D24476E79BBF}
		{C1A1FD40-2082-48FA-8EED-A0D374C4F8C2} = {BFA0779F-6F5A-46A6-B8D4-D24476E79BBF}
	EndGlobalSection
EndGlobal
